# This file is generated by running "yarn install" inside your project.
# Manual changes might be lost - proceed with caution!

__metadata:
  version: 6
  cacheKey: 8

"root-workspace-0b6124@workspace:.":
  version: 0.0.0-use.local
  resolution: "root-workspace-0b6124@workspace:."
  dependencies:
    swiper: ^10.1.0
  languageName: unknown
  linkType: soft

"swiper@npm:^10.1.0":
  version: 10.1.0
  resolution: "swiper@npm:10.1.0"
  checksum: cb825a513e029cb4daf5ddce4c4fa2df425a348f05e78529f574e8a0e74c6016ae567efabac3d219828cd81ceeaff1563c832633ae014100d8a0610b3e4b3790
  languageName: node
  linkType: hard
